
Microsoft Visual Studio Solution File, Format Version 12.00
# Visual Studio Version 18
VisualStudioVersion = 18.0.11121.172
MinimumVisualStudioVersion = 10.0.40219.1
Project("{FAE04EC0-301F-11D3-BF4B-00C04F79EFBC}") = "AccreditValidation", "AccreditValidation\AccreditValidation.csproj", "{7FADD841-18A6-4D83-A88D-C50F2AF1E192}"
EndProject
Project("{FAE04EC0-301F-11D3-BF4B-00C04F79EFBC}") = "AccreditValidation.Services", "AccreditValidation.Services\AccreditValidation.Services.csproj", "{5F433779-293B-C81B-1D70-A8BCFDB3F3BD}"
EndProject
Project("{FAE04EC0-301F-11D3-BF4B-00C04F79EFBC}") = "AccreditValidation.Shared", "AccreditValidation.Shared\AccreditValidation.Shared.csproj", "{7BEAAC2E-1AF1-413A-8AC2-24A003E98076}"
EndProject
Global
	GlobalSection(SolutionConfigurationPlatforms) = preSolution
		Debug|Any CPU = Debug|Any CPU
		Release|Any CPU = Release|Any CPU
	EndGlobalSection
	GlobalSection(ProjectConfigurationPlatforms) = postSolution
		{7FADD841-18A6-4D83-A88D-C50F2AF1E192}.Debug|Any CPU.ActiveCfg = Debug|Any CPU
		{7FADD841-18A6-4D83-A88D-C50F2AF1E192}.Debug|Any CPU.Build.0 = Debug|Any CPU
		{7FADD841-18A6-4D83-A88D-C50F2AF1E192}.Debug|Any CPU.Deploy.0 = Debug|Any CPU
		{7FADD841-18A6-4D83-A88D-C50F2AF1E192}.Release|Any CPU.ActiveCfg = Release|Any CPU
		{7FADD841-18A6-4D83-A88D-C50F2AF1E192}.Release|Any CPU.Build.0 = Release|Any CPU
		{5F433779-293B-C81B-1D70-A8BCFDB3F3BD}.Debug|Any CPU.ActiveCfg = Debug|Any CPU
		{5F433779-293B-C81B-1D70-A8BCFDB3F3BD}.Debug|Any CPU.Build.0 = Debug|Any CPU
		{5F433779-293B-C81B-1D70-A8BCFDB3F3BD}.Release|Any CPU.ActiveCfg = Release|Any CPU
		{5F433779-293B-C81B-1D70-A8BCFDB3F3BD}.Release|Any CPU.Build.0 = Release|Any CPU
		{7BEAAC2E-1AF1-413A-8AC2-24A003E98076}.Debug|Any CPU.ActiveCfg = Debug|Any CPU
		{7BEAAC2E-1AF1-413A-8AC2-24A003E98076}.Debug|Any CPU.Build.0 = Debug|Any CPU
		{7BEAAC2E-1AF1-413A-8AC2-24A003E98076}.Release|Any CPU.ActiveCfg = Release|Any CPU
		{7BEAAC2E-1AF1-413A-8AC2-24A003E98076}.Release|Any CPU.Build.0 = Release|Any CPU
	EndGlobalSection
	GlobalSection(SolutionProperties) = preSolution
		HideSolutionNode = FALSE
	EndGlobalSection
	GlobalSection(ExtensibilityGlobals) = postSolution
		SolutionGuid = {E922101E-CF51-4C5F-8B7E-19BE87FB595A}
	EndGlobalSection
EndGlobal
